
Microsoft Visual Studio Solution File, Format Version 12.00
# Visual Studio Version 17
VisualStudioVersion = 17.8.34511.84
MinimumVisualStudioVersion = 10.0.40219.1
Project("{9A19103F-16F7-4668-BE54-9A1E7A4F7556}") = "TokenTestingBlazor", "TokenTestingBlazor\TokenTestingBlazor\TokenTestingBlazor.csproj", "{70C12420-C006-4DF1-9EF9-0F5B9747EE2C}"
EndProject
Project("{9A19103F-16F7-4668-BE54-9A1E7A4F7556}") = "TokenTestingBlazor.Client", "TokenTestingBlazor\TokenTestingBlazor.Client\TokenTestingBlazor.Client.csproj", "{AD1A106C-75FA-44F9-BFF3-58D19D638616}"
EndProject
Global
	GlobalSection(SolutionConfigurationPlatforms) = preSolution
		Debug|Any CPU = Debug|Any CPU
		Release|Any CPU = Release|Any CPU
	EndGlobalSection
	GlobalSection(ProjectConfigurationPlatforms) = postSolution
		{70C12420-C006-4DF1-9EF9-0F5B9747EE2C}.Debug|Any CPU.ActiveCfg = Debug|Any CPU
		{70C12420-C006-4DF1-9EF9-0F5B9747EE2C}.Debug|Any CPU.Build.0 = Debug|Any CPU
		{70C12420-C006-4DF1-9EF9-0F5B9747EE2C}.Release|Any CPU.ActiveCfg = Release|Any CPU
		{70C12420-C006-4DF1-9EF9-0F5B9747EE2C}.Release|Any CPU.Build.0 = Release|Any CPU
		{AD1A106C-75FA-44F9-BFF3-58D19D638616}.Debug|Any CPU.ActiveCfg = Debug|Any CPU
		{AD1A106C-75FA-44F9-BFF3-58D19D638616}.Debug|Any CPU.Build.0 = Debug|Any CPU
		{AD1A106C-75FA-44F9-BFF3-58D19D638616}.Release|Any CPU.ActiveCfg = Release|Any CPU
		{AD1A106C-75FA-44F9-BFF3-58D19D638616}.Release|Any CPU.Build.0 = Release|Any CPU
	EndGlobalSection
	GlobalSection(SolutionProperties) = preSolution
		HideSolutionNode = FALSE
	EndGlobalSection
	GlobalSection(ExtensibilityGlobals) = postSolution
		SolutionGuid = {18C7BFB4-DE39-42B1-914D-21788128CCF0}
	EndGlobalSection
EndGlobal
